github.com/jmrflora/crudparasga v0.0.0-20240314130732-31cd437ae715 h1:PaBfKuLzfaQTJ90A8viD5fT6J8mw4m1MuaiC3tm+Mms=
github.com/jmrflora/crudparasga v0.0.0-20240314130732-31cd437ae715/go.mod h1:ENzXCrFStkkbdxx53Rko5rA3Lk2AqvP5pD4nATu2VK0=
github.com/jmrflora/crudparasga v0.2.0 h1:ua1HQKuOh9RayNQoqZMLWf+4YeTXO4rIrHVlEg0tpRo=
github.com/jmrflora/crudparasga v0.2.0/go.mod h1:ENzXCrFStkkbdxx53Rko5rA3Lk2AqvP5pD4nATu2VK0=
github.com/jmrflora/modelosparasga v0.1.1 h1:yqDZM1xjVJKerby+kHvyZOJbN2mbSbXTiMkvnpS4nj0=
github.com/jmrflora/modelosparasga v0.1.1/go.mod h1:Zw1KvHF+M9MygOYylf4P0Zts904V4FfCmB1XxPyBuDQ=
